{
  "projects": [
    {
      "projectId": "3EaMA65xrPs96BzDRgA4Kb",
      "version": "latest",
      "dependencies": {},
      "lang": "ts",
      "fileLocks": [
        {
          "type": "globalVariant",
          "assetId": "8pwCrrkFl0Usl_",
          "checksum": "4fcde02d29c75c5c2eb5c865bd4a9478"
        },
        {
          "type": "renderModule",
          "assetId": "4Z7M4Q_zhZJKZ",
          "checksum": "0c4b271c3abf7d37aa7a6fff7ca1d45d"
        },
        {
          "type": "cssRules",
          "assetId": "4Z7M4Q_zhZJKZ",
          "checksum": "0c4b271c3abf7d37aa7a6fff7ca1d45d"
        },
        {
          "type": "renderModule",
          "assetId": "P5xx5L9lqnt15",
          "checksum": "aa9c7b289262a11cc32517148be16138"
        },
        {
          "type": "cssRules",
          "assetId": "P5xx5L9lqnt15",
          "checksum": "aa9c7b289262a11cc32517148be16138"
        },
        {
          "type": "renderModule",
          "assetId": "FSbb_AqntfVa2",
          "checksum": "dd3fb3f2937cdbf74ae6ed0efdb40897"
        },
        {
          "type": "cssRules",
          "assetId": "FSbb_AqntfVa2",
          "checksum": "dd3fb3f2937cdbf74ae6ed0efdb40897"
        },
        {
          "type": "renderModule",
          "assetId": "PF9aJF3P69b2M",
          "checksum": "669cd05250221d9e50223ce574765883"
        },
        {
          "type": "cssRules",
          "assetId": "PF9aJF3P69b2M",
          "checksum": "669cd05250221d9e50223ce574765883"
        },
        {
          "type": "renderModule",
          "assetId": "t-etfb9JiAudE",
          "checksum": "7838697b199fb484f19b1c357a059490"
        },
        {
          "type": "cssRules",
          "assetId": "t-etfb9JiAudE",
          "checksum": "7838697b199fb484f19b1c357a059490"
        },
        {
          "type": "renderModule",
          "assetId": "UoXjh9nE_CJ7V",
          "checksum": "6732eb4a242eede840a2296437bed8dc"
        },
        {
          "type": "cssRules",
          "assetId": "UoXjh9nE_CJ7V",
          "checksum": "6732eb4a242eede840a2296437bed8dc"
        },
        {
          "type": "renderModule",
          "assetId": "ZAq_6YLf-wrCFi",
          "checksum": "629fb00059c81b4df2faa9e1a0e469ec"
        },
        {
          "type": "cssRules",
          "assetId": "ZAq_6YLf-wrCFi",
          "checksum": "629fb00059c81b4df2faa9e1a0e469ec"
        },
        {
          "type": "renderModule",
          "assetId": "DEPk3RMDp5eK7Q",
          "checksum": "482944fa302cbad6372f1ba2db06fa98"
        },
        {
          "type": "cssRules",
          "assetId": "DEPk3RMDp5eK7Q",
          "checksum": "482944fa302cbad6372f1ba2db06fa98"
        },
        {
          "type": "renderModule",
          "assetId": "3JDfbv4YbHRyxR",
          "checksum": "4578c07ec92cbeb412f4ea598b35c5e4"
        },
        {
          "type": "cssRules",
          "assetId": "3JDfbv4YbHRyxR",
          "checksum": "4578c07ec92cbeb412f4ea598b35c5e4"
        },
        {
          "type": "renderModule",
          "assetId": "DaobuC4oPpHEJz",
          "checksum": "0d3d6dd6a3ea04f9d9959b831db5b679"
        },
        {
          "type": "cssRules",
          "assetId": "DaobuC4oPpHEJz",
          "checksum": "0d3d6dd6a3ea04f9d9959b831db5b679"
        },
        {
          "type": "renderModule",
          "assetId": "_mNL0lQFsbyYOR",
          "checksum": "dd5e52a593f3313810bf295a4b4ce2c4"
        },
        {
          "type": "cssRules",
          "assetId": "_mNL0lQFsbyYOR",
          "checksum": "dd5e52a593f3313810bf295a4b4ce2c4"
        },
        {
          "type": "renderModule",
          "assetId": "asufuhvKp2c9ej",
          "checksum": "5dfce2c9980893562ec21b13d50caeb6"
        },
        {
          "type": "cssRules",
          "assetId": "asufuhvKp2c9ej",
          "checksum": "5dfce2c9980893562ec21b13d50caeb6"
        },
        {
          "type": "renderModule",
          "assetId": "rNp_va1e8vhCc6",
          "checksum": "fa7f0cb0effa0270a06b5dd138b5d911"
        },
        {
          "type": "cssRules",
          "assetId": "rNp_va1e8vhCc6",
          "checksum": "fa7f0cb0effa0270a06b5dd138b5d911"
        },
        {
          "type": "renderModule",
          "assetId": "tHg6vjb5KqMksY",
          "checksum": "15959a3b88aa2e2087e50575bef522b2"
        },
        {
          "type": "cssRules",
          "assetId": "tHg6vjb5KqMksY",
          "checksum": "15959a3b88aa2e2087e50575bef522b2"
        },
        {
          "type": "renderModule",
          "assetId": "amN6ZfvGBSnRDX",
          "checksum": "344a35d6f3fb75211c2c6246c61c96e3"
        },
        {
          "type": "cssRules",
          "assetId": "amN6ZfvGBSnRDX",
          "checksum": "344a35d6f3fb75211c2c6246c61c96e3"
        },
        {
          "type": "renderModule",
          "assetId": "niCxVfw7cgm875",
          "checksum": "82ff4ee249f271ba3277d8afbdc0d709"
        },
        {
          "type": "cssRules",
          "assetId": "niCxVfw7cgm875",
          "checksum": "82ff4ee249f271ba3277d8afbdc0d709"
        },
        {
          "type": "icon",
          "assetId": "MgXTO9aCiaVs-I",
          "checksum": "43547aac80eb15925f61a1a8e2832233"
        },
        {
          "type": "icon",
          "assetId": "Kv3O_J_8a2hdsW",
          "checksum": "e327945b32a11a77274e80f43c8a4484"
        },
        {
          "type": "icon",
          "assetId": "dvwEd_BkKtwJza",
          "checksum": "cc96add6481243e2b6181abe97f68a11"
        },
        {
          "type": "icon",
          "assetId": "wi3VKWekO_oGyW",
          "checksum": "e831cbb55822238cf373690b982b9c6b"
        },
        {
          "type": "icon",
          "assetId": "cbWCu6uJd49iyl",
          "checksum": "a2f400e23bf8b975aa3fbfb53622b2ed"
        },
        {
          "type": "icon",
          "assetId": "VnKrxR4J5yH_Y8",
          "checksum": "3a59642e7674ece8cb6110fcdeb3a299"
        },
        {
          "type": "image",
          "assetId": "nfB85TaexV-xgL",
          "checksum": "2984f75c9d94a80cd12c807d5ed5fdb7"
        },
        {
          "type": "image",
          "assetId": "g-fhl7Tzc-1_eN",
          "checksum": "66e9d329138b9289edc67ea0219fad13"
        },
        {
          "type": "image",
          "assetId": "wOf8Ic7zaT3VX6",
          "checksum": "57997ed922dcfd852df83d167531455e"
        },
        {
          "type": "image",
          "assetId": "TCgmu6wmbhkxKo",
          "checksum": "18496741484e17dcb0d88071fa588cd2"
        },
        {
          "type": "image",
          "assetId": "hTZO8tDjCAFApq",
          "checksum": "426451912403ba2ab3b4f9437a1a694a"
        },
        {
          "type": "image",
          "assetId": "mJu1qJm87tKu9t",
          "checksum": "6263d25ae3cec22961c3d06838ebca7f"
        },
        {
          "type": "image",
          "assetId": "-MpePFuZ2wT4wn",
          "checksum": "58f5fd89a9e0ac84afe18c47e7e22d19"
        },
        {
          "type": "image",
          "assetId": "kHLLbitNWc2zAT",
          "checksum": "1d50886c61bbd40a0d03fd50abc95363"
        },
        {
          "type": "image",
          "assetId": "Advu4D10jSZBUq",
          "checksum": "528cc455f58f86c315357b4112514deb"
        },
        {
          "type": "image",
          "assetId": "-EvLL_6hJY0xZP",
          "checksum": "272e125af2b0eafb121ebc006fd9d451"
        },
        {
          "type": "image",
          "assetId": "e9WKPmxUz38StS",
          "checksum": "88cd1e90c15c8aae84d538d2971ef53d"
        },
        {
          "type": "image",
          "assetId": "0Zy_8luD8c8Zm8",
          "checksum": "548a287458daf5723678ddfc14c3d404"
        },
        {
          "type": "image",
          "assetId": "3Y31PWVmAtKVM4",
          "checksum": "c824fa3c06f08f95c76e00ddcb06e42c"
        },
        {
          "type": "image",
          "assetId": "Jz_hLZ9azRb_7R",
          "checksum": "f9099293ebf4a21072d62f3371f6badf"
        },
        {
          "type": "image",
          "assetId": "Vc_pF9aj-RAjZi",
          "checksum": "e2e6a894724100a94807cfd4e7c0fb1a"
        },
        {
          "type": "image",
          "assetId": "QZK0Axg3Tqz10-",
          "checksum": "c801f494d3ea14f8b63b56abac0cd3ac"
        },
        {
          "type": "image",
          "assetId": "Xm9HAA-lEvru2P",
          "checksum": "cdc9b601f83bb0ee50d934247a9a94fc"
        },
        {
          "type": "image",
          "assetId": "fmFTDFmdGgQT5X",
          "checksum": "640ddbbd619e28338a82429ada586b50"
        },
        {
          "type": "image",
          "assetId": "yUCgbRxBczKj_3",
          "checksum": "0f33025dbcef8205012b2a178b77e601"
        },
        {
          "type": "image",
          "assetId": "6ykEg8dI-bNIJQ",
          "checksum": "cab3685e26c6ecb47a8a5d9838235ff8"
        },
        {
          "type": "image",
          "assetId": "0qadG12zw42XYY",
          "checksum": "70f4752db15ea0dc63eabe01c972f842"
        },
        {
          "type": "image",
          "assetId": "J1T5tAFPSqzu5d",
          "checksum": "e33eb085e85d10594b82fa669174be2e"
        },
        {
          "type": "image",
          "assetId": "CrJ0Uj8fDAwYUS",
          "checksum": "c73dd4ea47a2df196dcda992604b175e"
        },
        {
          "type": "image",
          "assetId": "oAh3m24a7rPS3X",
          "checksum": "4b394846433b13b39a4d5ddbe5f7abaf"
        },
        {
          "type": "image",
          "assetId": "PpvcJTR6OEgiJE",
          "checksum": "aa24cd0525af4f05803447176d47a25b"
        },
        {
          "type": "image",
          "assetId": "BuT7X6U5D6bEBP",
          "checksum": "ba39952c1026cf702c65b9fe7903b74e"
        },
        {
          "type": "image",
          "assetId": "7WHTHzyiM2i-7H",
          "checksum": "3114b5dc38da2ca2f29de168c5f1d546"
        },
        {
          "type": "image",
          "assetId": "c_CqpGriPcBayw",
          "checksum": "7d0dff08110a034b92fba7bcb64305ae"
        },
        {
          "type": "image",
          "assetId": "YBpLTSMbddmcfa",
          "checksum": "77a47730e8371eb875f62d5016ec90e4"
        },
        {
          "type": "image",
          "assetId": "MMDoZ0iTuZOVrf",
          "checksum": "07f12098bd667b6ef571c714a6eaf4de"
        },
        {
          "type": "image",
          "assetId": "ze9zfv-bekjoCO",
          "checksum": "f404bcfaf1debdcffbded647f1d02e5d"
        },
        {
          "type": "image",
          "assetId": "-NJUfutRzCJFh7",
          "checksum": "67d50f5e5de3277bf7d012b6bfa0ca98"
        },
        {
          "type": "image",
          "assetId": "feZTvf7ILQEJ8V",
          "checksum": "7501992cbd1adefd5717bc993676c627"
        },
        {
          "type": "image",
          "assetId": "ey1nb3C-lVgGY8",
          "checksum": "df539b14c65d1d8d15dc24d95fa73b22"
        },
        {
          "type": "image",
          "assetId": "fMntyVLD7SeMiV",
          "checksum": "295524b7a69784c8f1dae653f61e9989"
        },
        {
          "type": "image",
          "assetId": "3ZLglv43R6Y5vh",
          "checksum": "41dce0563e2cd165346441f4615b294b"
        },
        {
          "type": "image",
          "assetId": "5xOT3N_mGqafAo",
          "checksum": "7735d4f2162fe82c499ece5abe3243fc"
        },
        {
          "type": "image",
          "assetId": "5ehnggyHiceMkl",
          "checksum": "25a66e0c58b306e2428db176485a3589"
        },
        {
          "type": "image",
          "assetId": "XISp_ep7k9agtn",
          "checksum": "fc286a0a798ecb6688a99e0743d9fef7"
        },
        {
          "type": "image",
          "assetId": "R45M8LHcwFJsZ-",
          "checksum": "fc058d825460504a689addfc21ae9edc"
        },
        {
          "type": "image",
          "assetId": "CLzPgdihwfPyCf",
          "checksum": "2bfb46850c73bed2c177fea6660dc5c5"
        },
        {
          "type": "image",
          "assetId": "tv1cO8puzEn33N",
          "checksum": "fe9ad092f323fdc8d08884e060dc87d5"
        },
        {
          "type": "image",
          "assetId": "jtPOa_l51H86Jv",
          "checksum": "d4431ebb9d375abb5edd9924afdfd7cf"
        },
        {
          "type": "image",
          "assetId": "PXcnOFqN8LIgyR",
          "checksum": "af8addbf7e14cd07f24c7bedb9669143"
        },
        {
          "type": "image",
          "assetId": "3P_dN4IzdMgner",
          "checksum": "fd61fe8850f36315a08028d3c11f123b"
        },
        {
          "type": "image",
          "assetId": "y0aCM255hhLPs-",
          "checksum": "f77777bb415dcf2725171f760ffdef16"
        },
        {
          "assetId": "3EaMA65xrPs96BzDRgA4Kb",
          "type": "projectCss",
          "checksum": "50aa13a7678aac25ed928e44a7fdc6e2"
        }
      ],
      "codegenVersion": "0.0.1"
    }
  ],
  "cliVersion": "0.1.176"
}
